
Microsoft Visual Studio Solution File, Format Version 12.00
# Visual Studio Version 17
VisualStudioVersion = 17.11.35312.102
MinimumVisualStudioVersion = 10.0.40219.1
Project("{2150E333-8FDC-42A3-9474-1A3956D46DE8}") = "src", "src", "{CDF1F7E8-D278-46D0-9A60-8E81109B0F46}"
EndProject
Project("{2150E333-8FDC-42A3-9474-1A3956D46DE8}") = "Api", "Api", "{B8B103EF-89F6-42DD-9548-97B96FEE368C}"
EndProject
Project("{2150E333-8FDC-42A3-9474-1A3956D46DE8}") = "Clients", "Clients", "{DA69218A-3548-4963-A3D2-90656FAF2C63}"
EndProject
Project("{2150E333-8FDC-42A3-9474-1A3956D46DE8}") = "Common", "Common", "{5814431E-6946-4A51-BA11-FA99C68C9821}"
EndProject
Project("{2150E333-8FDC-42A3-9474-1A3956D46DE8}") = "Projections", "Projections", "{613437BB-9710-4664-B45E-8030786B212C}"
EndProject
Project("{2150E333-8FDC-42A3-9474-1A3956D46DE8}") = "Core", "Core", "{4E0ED3EA-4CE0-47B7-93C2-D1D35E331297}"
EndProject
Project("{2150E333-8FDC-42A3-9474-1A3956D46DE8}") = "Infrastructure", "Infrastructure", "{4384BFAF-8454-4A64-B433-D108776D2279}"
EndProject
Project("{2150E333-8FDC-42A3-9474-1A3956D46DE8}") = "Presentation", "Presentation", "{2C132E5C-316A-4618-A755-31690CB083BB}"
EndProject
Project("{FAE04EC0-301F-11D3-BF4B-00C04F79EFBC}") = "HomeAz.Common", "src\Common\HomeAz.Common\HomeAz.Common.csproj", "{A6706941-6525-4A14-9A06-14B8A0046D1C}"
EndProject
Project("{FAE04EC0-301F-11D3-BF4B-00C04F79EFBC}") = "HomeAz.Projections.UploadImageService", "src\Projections\HomeAz.Projections.UploadImageService\HomeAz.Projections.UploadImageService.csproj", "{60897068-17C6-4F9B-8082-2C62EDEFF54F}"
EndProject
Project("{FAE04EC0-301F-11D3-BF4B-00C04F79EFBC}") = "HomeAz.Api.Domain", "src\Api\Core\HomeAz.Api.Domain\HomeAz.Api.Domain.csproj", "{C403CE35-8677-44AB-BF02-411AE360F574}"
EndProject
Project("{FAE04EC0-301F-11D3-BF4B-00C04F79EFBC}") = "HomeAz.Api.Application", "src\Api\Core\HomeAz.Api.Application\HomeAz.Api.Application.csproj", "{7EEBB25C-3831-49BF-AEA6-02421182857F}"
EndProject
Project("{FAE04EC0-301F-11D3-BF4B-00C04F79EFBC}") = "HomeAz.Api.Persistence", "src\Api\Infrastructure\HomeAz.Api.Persistence\HomeAz.Api.Persistence.csproj", "{C0B4FB8F-6BBE-4B14-B95E-DF57768EF3F9}"
EndProject
Project("{FAE04EC0-301F-11D3-BF4B-00C04F79EFBC}") = "HomeAz.Api.Infrastructure", "src\Api\Infrastructure\HomeAz.Api.Infrastructure\HomeAz.Api.Infrastructure.csproj", "{877F26D6-54BF-4CAD-952E-E9C0E8F65ED9}"
EndProject
Project("{FAE04EC0-301F-11D3-BF4B-00C04F79EFBC}") = "HomeAz.Api.WebApi", "src\Api\Presentation\HomeAz.Api.WebApi\HomeAz.Api.WebApi.csproj", "{ACF3F910-E943-437C-A78A-FFCAB807C011}"
EndProject
Project("{FAE04EC0-301F-11D3-BF4B-00C04F79EFBC}") = "HomeAz.Api.Mapper", "src\Api\Core\HomeAz.Api.Mapper\HomeAz.Api.Mapper.csproj", "{B5B04F6A-EA23-403F-A6BA-9B73D7930A08}"
EndProject
Project("{2150E333-8FDC-42A3-9474-1A3956D46DE8}") = "vite-web", "vite-web", "{96637EA4-1FDD-41E7-BD7C-3189D9CD91F4}"
EndProject
Global
	GlobalSection(SolutionConfigurationPlatforms) = preSolution
		Debug|Any CPU = Debug|Any CPU
		Release|Any CPU = Release|Any CPU
	EndGlobalSection
	GlobalSection(ProjectConfigurationPlatforms) = postSolution
		{A6706941-6525-4A14-9A06-14B8A0046D1C}.Debug|Any CPU.ActiveCfg = Debug|Any CPU
		{A6706941-6525-4A14-9A06-14B8A0046D1C}.Debug|Any CPU.Build.0 = Debug|Any CPU
		{A6706941-6525-4A14-9A06-14B8A0046D1C}.Release|Any CPU.ActiveCfg = Release|Any CPU
		{A6706941-6525-4A14-9A06-14B8A0046D1C}.Release|Any CPU.Build.0 = Release|Any CPU
		{60897068-17C6-4F9B-8082-2C62EDEFF54F}.Debug|Any CPU.ActiveCfg = Debug|Any CPU
		{60897068-17C6-4F9B-8082-2C62EDEFF54F}.Debug|Any CPU.Build.0 = Debug|Any CPU
		{60897068-17C6-4F9B-8082-2C62EDEFF54F}.Release|Any CPU.ActiveCfg = Release|Any CPU
		{60897068-17C6-4F9B-8082-2C62EDEFF54F}.Release|Any CPU.Build.0 = Release|Any CPU
		{C403CE35-8677-44AB-BF02-411AE360F574}.Debug|Any CPU.ActiveCfg = Debug|Any CPU
		{C403CE35-8677-44AB-BF02-411AE360F574}.Debug|Any CPU.Build.0 = Debug|Any CPU
		{C403CE35-8677-44AB-BF02-411AE360F574}.Release|Any CPU.ActiveCfg = Release|Any CPU
		{C403CE35-8677-44AB-BF02-411AE360F574}.Release|Any CPU.Build.0 = Release|Any CPU
		{7EEBB25C-3831-49BF-AEA6-02421182857F}.Debug|Any CPU.ActiveCfg = Debug|Any CPU
		{7EEBB25C-3831-49BF-AEA6-02421182857F}.Debug|Any CPU.Build.0 = Debug|Any CPU
		{7EEBB25C-3831-49BF-AEA6-02421182857F}.Release|Any CPU.ActiveCfg = Release|Any CPU
		{7EEBB25C-3831-49BF-AEA6-02421182857F}.Release|Any CPU.Build.0 = Release|Any CPU
		{C0B4FB8F-6BBE-4B14-B95E-DF57768EF3F9}.Debug|Any CPU.ActiveCfg = Debug|Any CPU
		{C0B4FB8F-6BBE-4B14-B95E-DF57768EF3F9}.Debug|Any CPU.Build.0 = Debug|Any CPU
		{C0B4FB8F-6BBE-4B14-B95E-DF57768EF3F9}.Release|Any CPU.ActiveCfg = Release|Any CPU
		{C0B4FB8F-6BBE-4B14-B95E-DF57768EF3F9}.Release|Any CPU.Build.0 = Release|Any CPU
		{877F26D6-54BF-4CAD-952E-E9C0E8F65ED9}.Debug|Any CPU.ActiveCfg = Debug|Any CPU
		{877F26D6-54BF-4CAD-952E-E9C0E8F65ED9}.Debug|Any CPU.Build.0 = Debug|Any CPU
		{877F26D6-54BF-4CAD-952E-E9C0E8F65ED9}.Release|Any CPU.ActiveCfg = Release|Any CPU
		{877F26D6-54BF-4CAD-952E-E9C0E8F65ED9}.Release|Any CPU.Build.0 = Release|Any CPU
		{ACF3F910-E943-437C-A78A-FFCAB807C011}.Debug|Any CPU.ActiveCfg = Debug|Any CPU
		{ACF3F910-E943-437C-A78A-FFCAB807C011}.Debug|Any CPU.Build.0 = Debug|Any CPU
		{ACF3F910-E943-437C-A78A-FFCAB807C011}.Release|Any CPU.ActiveCfg = Release|Any CPU
		{ACF3F910-E943-437C-A78A-FFCAB807C011}.Release|Any CPU.Build.0 = Release|Any CPU
		{B5B04F6A-EA23-403F-A6BA-9B73D7930A08}.Debug|Any CPU.ActiveCfg = Debug|Any CPU
		{B5B04F6A-EA23-403F-A6BA-9B73D7930A08}.Debug|Any CPU.Build.0 = Debug|Any CPU
		{B5B04F6A-EA23-403F-A6BA-9B73D7930A08}.Release|Any CPU.ActiveCfg = Release|Any CPU
		{B5B04F6A-EA23-403F-A6BA-9B73D7930A08}.Release|Any CPU.Build.0 = Release|Any CPU
	EndGlobalSection
	GlobalSection(SolutionProperties) = preSolution
		HideSolutionNode = FALSE
	EndGlobalSection
	GlobalSection(NestedProjects) = preSolution
		{B8B103EF-89F6-42DD-9548-97B96FEE368C} = {CDF1F7E8-D278-46D0-9A60-8E81109B0F46}
		{DA69218A-3548-4963-A3D2-90656FAF2C63} = {CDF1F7E8-D278-46D0-9A60-8E81109B0F46}
		{5814431E-6946-4A51-BA11-FA99C68C9821} = {CDF1F7E8-D278-46D0-9A60-8E81109B0F46}
		{613437BB-9710-4664-B45E-8030786B212C} = {CDF1F7E8-D278-46D0-9A60-8E81109B0F46}
		{4E0ED3EA-4CE0-47B7-93C2-D1D35E331297} = {B8B103EF-89F6-42DD-9548-97B96FEE368C}
		{4384BFAF-8454-4A64-B433-D108776D2279} = {B8B103EF-89F6-42DD-9548-97B96FEE368C}
		{2C132E5C-316A-4618-A755-31690CB083BB} = {B8B103EF-89F6-42DD-9548-97B96FEE368C}
		{A6706941-6525-4A14-9A06-14B8A0046D1C} = {5814431E-6946-4A51-BA11-FA99C68C9821}
		{60897068-17C6-4F9B-8082-2C62EDEFF54F} = {613437BB-9710-4664-B45E-8030786B212C}
		{C403CE35-8677-44AB-BF02-411AE360F574} = {4E0ED3EA-4CE0-47B7-93C2-D1D35E331297}
		{7EEBB25C-3831-49BF-AEA6-02421182857F} = {4E0ED3EA-4CE0-47B7-93C2-D1D35E331297}
		{C0B4FB8F-6BBE-4B14-B95E-DF57768EF3F9} = {4384BFAF-8454-4A64-B433-D108776D2279}
		{877F26D6-54BF-4CAD-952E-E9C0E8F65ED9} = {4384BFAF-8454-4A64-B433-D108776D2279}
		{ACF3F910-E943-437C-A78A-FFCAB807C011} = {2C132E5C-316A-4618-A755-31690CB083BB}
		{B5B04F6A-EA23-403F-A6BA-9B73D7930A08} = {4E0ED3EA-4CE0-47B7-93C2-D1D35E331297}
		{96637EA4-1FDD-41E7-BD7C-3189D9CD91F4} = {DA69218A-3548-4963-A3D2-90656FAF2C63}
	EndGlobalSection
	GlobalSection(ExtensibilityGlobals) = postSolution
		SolutionGuid = {01A6DDDD-1662-4A57-A9F9-986FC5F60A30}
	EndGlobalSection
EndGlobal
